
Microsoft Visual Studio Solution File, Format Version 12.00
# Visual Studio Version 16
VisualStudioVersion = 16.0.30517.126
MinimumVisualStudioVersion = 10.0.40219.1
Project("{FAE04EC0-301F-11D3-BF4B-00C04F79EFBC}") = "Demos-WPF2", "Demos-WPF2\Demos-WPF2.csproj", "{2485B435-69CE-4D90-B1DF-33D5E33B1307}"
EndProject
Project("{FAE04EC0-301F-11D3-BF4B-00C04F79EFBC}") = "Demos-WPF2-Framework", "Demos-WPF2-Framework\Demos-WPF2-Framework.csproj", "{7F017DE2-A2E0-4C21-AA4C-D8BFCF61683E}"
EndProject
Global
	GlobalSection(SolutionConfigurationPlatforms) = preSolution
		Debug|Any CPU = Debug|Any CPU
		Release|Any CPU = Release|Any CPU
	EndGlobalSection
	GlobalSection(ProjectConfigurationPlatforms) = postSolution
		{2485B435-69CE-4D90-B1DF-33D5E33B1307}.Debug|Any CPU.ActiveCfg = Debug|Any CPU
		{2485B435-69CE-4D90-B1DF-33D5E33B1307}.Debug|Any CPU.Build.0 = Debug|Any CPU
		{2485B435-69CE-4D90-B1DF-33D5E33B1307}.Release|Any CPU.ActiveCfg = Release|Any CPU
		{2485B435-69CE-4D90-B1DF-33D5E33B1307}.Release|Any CPU.Build.0 = Release|Any CPU
		{7F017DE2-A2E0-4C21-AA4C-D8BFCF61683E}.Debug|Any CPU.ActiveCfg = Debug|Any CPU
		{7F017DE2-A2E0-4C21-AA4C-D8BFCF61683E}.Debug|Any CPU.Build.0 = Debug|Any CPU
		{7F017DE2-A2E0-4C21-AA4C-D8BFCF61683E}.Release|Any CPU.ActiveCfg = Release|Any CPU
		{7F017DE2-A2E0-4C21-AA4C-D8BFCF61683E}.Release|Any CPU.Build.0 = Release|Any CPU
	EndGlobalSection
	GlobalSection(SolutionProperties) = preSolution
		HideSolutionNode = FALSE
	EndGlobalSection
	GlobalSection(ExtensibilityGlobals) = postSolution
		SolutionGuid = {95A46633-BE05-4D94-B637-0206971CE708}
	EndGlobalSection
EndGlobal
